{
  "name": "casestudy2",
  "version": "1.0.0",
  "lockfileVersion": 2,
  "requires": true,
  "packages": {
    "": {
      "name": "casestudy2",
      "version": "1.0.0",
      "license": "ISC",
      "dependencies": {
        "@types/readline-sync": "^1.4.4",
        "fs": "^0.0.1-security",
        "readline-sync": "^1.4.10"
      },
      "devDependencies": {
        "@types/node": "^18.11.7"
      }
    },
    "node_modules/@types/node": {
      "version": "18.11.7",
      "resolved": "https://registry.npmjs.org/@types/node/-/node-18.11.7.tgz",
      "integrity": "sha512-LhFTglglr63mNXUSRYD8A+ZAIu5sFqNJ4Y2fPuY7UlrySJH87rRRlhtVmMHplmfk5WkoJGmDjE9oiTfyX94CpQ==",
      "dev": true
    },
    "node_modules/@types/readline-sync": {
      "version": "1.4.4",
      "resolved": "https://registry.npmjs.org/@types/readline-sync/-/readline-sync-1.4.4.tgz",
      "integrity": "sha512-cFjVIoiamX7U6zkO2VPvXyTxbFDdiRo902IarJuPVxBhpDnXhwSaVE86ip+SCuyWBbEioKCkT4C88RNTxBM1Dw=="
    },
    "node_modules/fs": {
      "version": "0.0.1-security",
      "resolved": "https://registry.npmjs.org/fs/-/fs-0.0.1-security.tgz",
      "integrity": "sha512-3XY9e1pP0CVEUCdj5BmfIZxRBTSDycnbqhIOGec9QYtmVH2fbLpj86CFWkrNOkt/Fvty4KZG5lTglL9j/gJ87w=="
    },
    "node_modules/readline-sync": {
      "version": "1.4.10",
      "resolved": "https://registry.npmjs.org/readline-sync/-/readline-sync-1.4.10.tgz",
      "integrity": "sha512-gNva8/6UAe8QYepIQH/jQ2qn91Qj0B9sYjMBBs3QOB8F2CXcKgLxQaJRP76sWVRQt+QU+8fAkCbCvjjMFu7Ycw==",
      "engines": {
        "node": ">= 0.8.0"
      }
    }
  },
  "dependencies": {
    "@types/node": {
      "version": "18.11.7",
      "resolved": "https://registry.npmjs.org/@types/node/-/node-18.11.7.tgz",
      "integrity": "sha512-LhFTglglr63mNXUSRYD8A+ZAIu5sFqNJ4Y2fPuY7UlrySJH87rRRlhtVmMHplmfk5WkoJGmDjE9oiTfyX94CpQ==",
      "dev": true
    },
    "@types/readline-sync": {
      "version": "1.4.4",
      "resolved": "https://registry.npmjs.org/@types/readline-sync/-/readline-sync-1.4.4.tgz",
      "integrity": "sha512-cFjVIoiamX7U6zkO2VPvXyTxbFDdiRo902IarJuPVxBhpDnXhwSaVE86ip+SCuyWBbEioKCkT4C88RNTxBM1Dw=="
    },
    "fs": {
      "version": "0.0.1-security",
      "resolved": "https://registry.npmjs.org/fs/-/fs-0.0.1-security.tgz",
      "integrity": "sha512-3XY9e1pP0CVEUCdj5BmfIZxRBTSDycnbqhIOGec9QYtmVH2fbLpj86CFWkrNOkt/Fvty4KZG5lTglL9j/gJ87w=="
    },
    "readline-sync": {
      "version": "1.4.10",
      "resolved": "https://registry.npmjs.org/readline-sync/-/readline-sync-1.4.10.tgz",
      "integrity": "sha512-gNva8/6UAe8QYepIQH/jQ2qn91Qj0B9sYjMBBs3QOB8F2CXcKgLxQaJRP76sWVRQt+QU+8fAkCbCvjjMFu7Ycw=="
    }
  }
}
